<?xml version="1.0" encoding="utf-8"?>
<Project ToolsVersion="4.0" xmlns="http://schemas.microsoft.com/developer/msbuild/2003">
  <ItemGroup>
    <Filter Include="Preset">
      <UniqueIdentifier>{e47e3b48-836b-4841-a905-091722b6a8cd}</UniqueIdentifier>
    </Filter>
    <Filter Include="Core">
      <UniqueIdentifier>{b45dc586-1248-41a8-8593-59129d4b8e7a}</UniqueIdentifier>
    </Filter>
    <Filter Include="ECS">
      <UniqueIdentifier>{4efcd760-634c-4a96-97bc-72b19ec8d4e6}</UniqueIdentifier>
    </Filter>
    <Filter Include="ECS\Components">
      <UniqueIdentifier>{cf8fde76-2a7b-4e4b-a7c0-3c9fac69f6d7}</UniqueIdentifier>
    </Filter>
    <Filter Include="Physics">
      <UniqueIdentifier>{340eaa41-ac5b-47cc-811b-0a65480407fb}</UniqueIdentifier>
    </Filter>
    <Filter Include="Animation">
      <UniqueIdentifier>{a67d3b1d-ca76-4f05-9cb3-29bba1f3334e}</UniqueIdentifier>
    </Filter>
    <Filter Include="Animation\Transition">
      <UniqueIdentifier>{32aa1a38-85cc-4df0-9789-631525d037f7}</UniqueIdentifier>
    </Filter>
  </ItemGroup>
  <ItemGroup>
    <ClCompile Include="InputHandler.cpp" />
    <ClCompile Include="Camera.cpp">
      <Filter>Core</Filter>
    </ClCompile>
    <ClCompile Include="Component.cpp">
      <Filter>ECS</Filter>
    </ClCompile>
    <ClCompile Include="Core.cpp">
      <Filter>Core</Filter>
    </ClCompile>
    <ClCompile Include="Entity.cpp">
      <Filter>ECS</Filter>
    </ClCompile>
    <ClCompile Include="EntityKeeper.cpp">
      <Filter>ECS</Filter>
    </ClCompile>
    <ClCompile Include="Game.cpp">
      <Filter>Core</Filter>
    </ClCompile>
    <ClCompile Include="pch.cpp">
      <Filter>Preset</Filter>
    </ClCompile>
    <ClCompile Include="structs.cpp">
      <Filter>Preset</Filter>
    </ClCompile>
    <ClCompile Include="Texture.cpp">
      <Filter>Preset</Filter>
    </ClCompile>
    <ClCompile Include="utils.cpp">
      <Filter>Preset</Filter>
    </ClCompile>
    <ClCompile Include="Vector2f.cpp">
      <Filter>Preset</Filter>
    </ClCompile>
    <ClCompile Include="Scene.cpp">
      <Filter>Core</Filter>
    </ClCompile>
    <ClCompile Include="Transform.cpp">
      <Filter>ECS\Components</Filter>
    </ClCompile>
    <ClCompile Include="Renderer.cpp">
      <Filter>ECS\Components</Filter>
    </ClCompile>
    <ClCompile Include="Collider.cpp">
      <Filter>Physics</Filter>
    </ClCompile>
    <ClCompile Include="PhysicsBody.cpp">
      <Filter>Physics</Filter>
    </ClCompile>
    <ClCompile Include="PhysicsHandler.cpp">
      <Filter>Physics</Filter>
    </ClCompile>
    <ClCompile Include="collisions.cpp">
      <Filter>Physics</Filter>
    </ClCompile>
    <ClCompile Include="TextureCache.cpp" />
    <ClCompile Include="AnimatorRenderer.cpp">
      <Filter>Animation</Filter>
    </ClCompile>
    <ClCompile Include="Animation.cpp">
      <Filter>Animation</Filter>
    </ClCompile>
    <ClCompile Include="AnimationFrame.cpp">
      <Filter>Animation</Filter>
    </ClCompile>
    <ClCompile Include="AnimatorState.cpp">
      <Filter>Animation</Filter>
    </ClCompile>
    <ClCompile Include="AnimatorTransition.cpp">
      <Filter>Animation\Transition</Filter>
    </ClCompile>
    <ClCompile Include="ConditionalTransition.cpp">
      <Filter>Animation\Transition</Filter>
    </ClCompile>
    <ClCompile Include="AnimationEndTransition.cpp">
      <Filter>Animation\Transition</Filter>
    </ClCompile>
    <ClCompile Include="TimedTransition.cpp">
      <Filter>Animation\Transition</Filter>
    </ClCompile>
  </ItemGroup>
  <ItemGroup>
    <ClInclude Include="InputHandler.h" />
    <ClInclude Include="Camera.h">
      <Filter>Core</Filter>
    </ClInclude>
    <ClInclude Include="Component.h">
      <Filter>ECS</Filter>
    </ClInclude>
    <ClInclude Include="Core.h">
      <Filter>Core</Filter>
    </ClInclude>
    <ClInclude Include="Entity.h">
      <Filter>ECS</Filter>
    </ClInclude>
    <ClInclude Include="EntityKeeper.h">
      <Filter>ECS</Filter>
    </ClInclude>
    <ClInclude Include="Game.h">
      <Filter>Core</Filter>
    </ClInclude>
    <ClInclude Include="pch.h">
      <Filter>Preset</Filter>
    </ClInclude>
    <ClInclude Include="structs.h">
      <Filter>Preset</Filter>
    </ClInclude>
    <ClInclude Include="Texture.h">
      <Filter>Preset</Filter>
    </ClInclude>
    <ClInclude Include="utils.h">
      <Filter>Preset</Filter>
    </ClInclude>
    <ClInclude Include="Vector2f.h">
      <Filter>Preset</Filter>
    </ClInclude>
    <ClInclude Include="Scene.h">
      <Filter>Core</Filter>
    </ClInclude>
    <ClInclude Include="Transform.h">
      <Filter>ECS\Components</Filter>
    </ClInclude>
    <ClInclude Include="Renderer.h">
      <Filter>ECS\Components</Filter>
    </ClInclude>
    <ClInclude Include="Collider.h">
      <Filter>Physics</Filter>
    </ClInclude>
    <ClInclude Include="PhysicsBody.h">
      <Filter>Physics</Filter>
    </ClInclude>
    <ClInclude Include="PhysicsHandler.h">
      <Filter>Physics</Filter>
    </ClInclude>
    <ClInclude Include="collisions.h">
      <Filter>Physics</Filter>
    </ClInclude>
    <ClInclude Include="TextureCache.h" />
    <ClInclude Include="AnimatorRenderer.h">
      <Filter>Animation</Filter>
    </ClInclude>
    <ClInclude Include="Animation.h">
      <Filter>Animation</Filter>
    </ClInclude>
    <ClInclude Include="AnimationFrame.h">
      <Filter>Animation</Filter>
    </ClInclude>
    <ClInclude Include="AnimatorState.h">
      <Filter>Animation</Filter>
    </ClInclude>
    <ClInclude Include="AnimatorTransition.h">
      <Filter>Animation\Transition</Filter>
    </ClInclude>
    <ClInclude Include="ConditionalTransition.h">
      <Filter>Animation\Transition</Filter>
    </ClInclude>
    <ClInclude Include="AnimationEndTransition.h">
      <Filter>Animation\Transition</Filter>
    </ClInclude>
    <ClInclude Include="TimedTransition.h">
      <Filter>Animation\Transition</Filter>
    </ClInclude>
    <ClInclude Include="json.hpp">
      <Filter>Preset</Filter>
    </ClInclude>
  </ItemGroup>
</Project>