<?xml version="1.0" encoding="utf-8"?>
<Project ToolsVersion="4.0" xmlns="http://schemas.microsoft.com/developer/msbuild/2003">
  <ItemGroup>
    <ClCompile Include="src\Core.cpp">
      <Filter>Framework</Filter>
    </ClCompile>
    <ClCompile Include="src\main.cpp">
      <Filter>Framework</Filter>
    </ClCompile>
    <ClCompile Include="src\Matrix2x3.cpp">
      <Filter>Framework</Filter>
    </ClCompile>
    <ClCompile Include="src\pch.cpp">
      <Filter>Framework</Filter>
    </ClCompile>
    <ClCompile Include="src\SoundEffect.cpp">
      <Filter>Framework</Filter>
    </ClCompile>
    <ClCompile Include="src\SoundStream.cpp">
      <Filter>Framework</Filter>
    </ClCompile>
    <ClCompile Include="src\structs.cpp">
      <Filter>Framework</Filter>
    </ClCompile>
    <ClCompile Include="src\SVGParser.cpp">
      <Filter>Framework</Filter>
    </ClCompile>
    <ClCompile Include="src\Texture.cpp">
      <Filter>Framework</Filter>
    </ClCompile>
    <ClCompile Include="src\utils.cpp">
      <Filter>Framework</Filter>
    </ClCompile>
    <ClCompile Include="src\Vector2f.cpp">
      <Filter>Framework</Filter>
    </ClCompile>
    <ClCompile Include="src\Component.cpp">
      <Filter>Engine\ECS</Filter>
    </ClCompile>
    <ClCompile Include="src\TextureCache.cpp">
      <Filter>Engine</Filter>
    </ClCompile>
    <ClCompile Include="src\Game.cpp">
      <Filter>Game</Filter>
    </ClCompile>
    <ClCompile Include="src\Renderer.cpp">
      <Filter>Engine\Components</Filter>
    </ClCompile>
    <ClCompile Include="src\Transform.cpp">
      <Filter>Engine\Components</Filter>
    </ClCompile>
    <ClCompile Include="src\Entity.cpp">
      <Filter>Engine\ECS\Entity</Filter>
    </ClCompile>
    <ClCompile Include="src\EntityManager.cpp">
      <Filter>Engine\ECS\Entity</Filter>
    </ClCompile>
    <ClCompile Include="src\Camera.cpp">
      <Filter>Game</Filter>
    </ClCompile>
    <ClCompile Include="src\Player.cpp">
      <Filter>Game</Filter>
    </ClCompile>
    <ClCompile Include="src\Animation.cpp">
      <Filter>Engine\Animator</Filter>
    </ClCompile>
    <ClCompile Include="src\AnimationFrame.cpp">
      <Filter>Engine\Animator</Filter>
    </ClCompile>
    <ClCompile Include="src\AnimatorState.cpp">
      <Filter>Engine\Animator</Filter>
    </ClCompile>
    <ClCompile Include="src\AnimatorRenderer.cpp">
      <Filter>Engine\Animator</Filter>
    </ClCompile>
    <ClCompile Include="src\AnimatorTransition.cpp">
      <Filter>Engine\Animator\Transition</Filter>
    </ClCompile>
    <ClCompile Include="src\AnimationEndTransition.cpp">
      <Filter>Engine\Animator\Transition</Filter>
    </ClCompile>
    <ClCompile Include="src\ConditionalTransition.cpp">
      <Filter>Engine\Animator\Transition</Filter>
    </ClCompile>
    <ClCompile Include="src\TimedTransition.cpp">
      <Filter>Engine\Animator\Transition</Filter>
    </ClCompile>
    <ClCompile Include="src\PlayerJumpState.cpp">
      <Filter>Game\States</Filter>
    </ClCompile>
    <ClCompile Include="src\PlayerWalkState.cpp">
      <Filter>Game\States</Filter>
    </ClCompile>
    <ClCompile Include="src\PlayerIdleState.cpp">
      <Filter>Game\States</Filter>
    </ClCompile>
    <ClCompile Include="src\Scene.cpp">
      <Filter>Game</Filter>
    </ClCompile>
    <ClCompile Include="src\Collider.cpp">
      <Filter>Engine\Physics</Filter>
    </ClCompile>
    <ClCompile Include="src\PhysicsBody.cpp">
      <Filter>Engine\Physics</Filter>
    </ClCompile>
    <ClCompile Include="src\PhysicsHandler.cpp">
      <Filter>Engine\Physics</Filter>
    </ClCompile>
    <ClCompile Include="src\collisions.cpp">
      <Filter>Engine</Filter>
    </ClCompile>
  </ItemGroup>
  <ItemGroup>
    <ClInclude Include="src\Core.h">
      <Filter>Framework</Filter>
    </ClInclude>
    <ClInclude Include="src\Matrix2x3.h">
      <Filter>Framework</Filter>
    </ClInclude>
    <ClInclude Include="src\pch.h">
      <Filter>Framework</Filter>
    </ClInclude>
    <ClInclude Include="src\SoundEffect.h">
      <Filter>Framework</Filter>
    </ClInclude>
    <ClInclude Include="src\SoundStream.h">
      <Filter>Framework</Filter>
    </ClInclude>
    <ClInclude Include="src\structs.h">
      <Filter>Framework</Filter>
    </ClInclude>
    <ClInclude Include="src\SVGParser.h">
      <Filter>Framework</Filter>
    </ClInclude>
    <ClInclude Include="src\Texture.h">
      <Filter>Framework</Filter>
    </ClInclude>
    <ClInclude Include="src\utils.h">
      <Filter>Framework</Filter>
    </ClInclude>
    <ClInclude Include="src\Vector2f.h">
      <Filter>Framework</Filter>
    </ClInclude>
    <ClInclude Include="src\Component.h">
      <Filter>Engine\ECS</Filter>
    </ClInclude>
    <ClInclude Include="src\TextureCache.h">
      <Filter>Engine</Filter>
    </ClInclude>
    <ClInclude Include="src\Game.h">
      <Filter>Game</Filter>
    </ClInclude>
    <ClInclude Include="src\Renderer.h">
      <Filter>Engine\Components</Filter>
    </ClInclude>
    <ClInclude Include="src\Transform.h">
      <Filter>Engine\Components</Filter>
    </ClInclude>
    <ClInclude Include="src\Entity.h">
      <Filter>Engine\ECS\Entity</Filter>
    </ClInclude>
    <ClInclude Include="src\EntityManager.h">
      <Filter>Engine\ECS\Entity</Filter>
    </ClInclude>
    <ClInclude Include="src\Camera.h">
      <Filter>Game</Filter>
    </ClInclude>
    <ClInclude Include="src\Player.h">
      <Filter>Game</Filter>
    </ClInclude>
    <ClInclude Include="src\Animation.h">
      <Filter>Engine\Animator</Filter>
    </ClInclude>
    <ClInclude Include="src\AnimationFrame.h">
      <Filter>Engine\Animator</Filter>
    </ClInclude>
    <ClInclude Include="src\AnimatorState.h">
      <Filter>Engine\Animator</Filter>
    </ClInclude>
    <ClInclude Include="src\AnimatorRenderer.h">
      <Filter>Engine\Animator</Filter>
    </ClInclude>
    <ClInclude Include="src\AnimatorTransition.h">
      <Filter>Engine\Animator\Transition</Filter>
    </ClInclude>
    <ClInclude Include="src\AnimationEndTransition.h">
      <Filter>Engine\Animator\Transition</Filter>
    </ClInclude>
    <ClInclude Include="src\ConditionalTransition.h">
      <Filter>Engine\Animator\Transition</Filter>
    </ClInclude>
    <ClInclude Include="src\TimedTransition.h">
      <Filter>Engine\Animator\Transition</Filter>
    </ClInclude>
    <ClInclude Include="src\PlayerJumpState.h">
      <Filter>Game\States</Filter>
    </ClInclude>
    <ClInclude Include="src\PlayerWalkState.h">
      <Filter>Game\States</Filter>
    </ClInclude>
    <ClInclude Include="src\PlayerIdleState.h">
      <Filter>Game\States</Filter>
    </ClInclude>
    <ClInclude Include="src\Scene.h">
      <Filter>Game</Filter>
    </ClInclude>
    <ClInclude Include="src\Collider.h">
      <Filter>Engine\Physics</Filter>
    </ClInclude>
    <ClInclude Include="src\PhysicsBody.h">
      <Filter>Engine\Physics</Filter>
    </ClInclude>
    <ClInclude Include="src\PhysicsHandler.h">
      <Filter>Engine\Physics</Filter>
    </ClInclude>
    <ClInclude Include="src\collisions.h">
      <Filter>Engine</Filter>
    </ClInclude>
  </ItemGroup>
  <ItemGroup>
    <Filter Include="Framework">
      <UniqueIdentifier>{d77908ad-d541-4cc6-8a80-3382a1bc660d}</UniqueIdentifier>
    </Filter>
    <Filter Include="Engine">
      <UniqueIdentifier>{a52e9dee-e171-436c-a1a3-1775e228704e}</UniqueIdentifier>
    </Filter>
    <Filter Include="Game">
      <UniqueIdentifier>{f6e38247-0419-4e88-81e5-e5ceae9a3d56}</UniqueIdentifier>
    </Filter>
    <Filter Include="Engine\ECS">
      <UniqueIdentifier>{dfc8f8c1-42e1-4277-9618-6c365fbe2d92}</UniqueIdentifier>
    </Filter>
    <Filter Include="Engine\ECS\Entity">
      <UniqueIdentifier>{83fbcbf2-df66-4ba4-ba73-f5389867dd20}</UniqueIdentifier>
    </Filter>
    <Filter Include="Engine\Components">
      <UniqueIdentifier>{1549361d-f127-488e-8fdd-93e38c2f616a}</UniqueIdentifier>
    </Filter>
    <Filter Include="Engine\Animator">
      <UniqueIdentifier>{fcb37543-849a-451e-afff-6fc58a83d32a}</UniqueIdentifier>
    </Filter>
    <Filter Include="Engine\Animator\Transition">
      <UniqueIdentifier>{8b613d45-07df-45d4-9eb3-2fb1dbea89f3}</UniqueIdentifier>
    </Filter>
    <Filter Include="Game\States">
      <UniqueIdentifier>{37bd6d01-26e2-43b3-8067-08b632de801f}</UniqueIdentifier>
    </Filter>
    <Filter Include="Engine\Physics">
      <UniqueIdentifier>{988c2aca-f9f4-4c60-8896-cbadb6f84657}</UniqueIdentifier>
    </Filter>
  </ItemGroup>
</Project>